
Microsoft Visual Studio Solution File, Format Version 12.00
# Visual Studio Version 18
VisualStudioVersion = 18.10.12217.157 stable
MinimumVisualStudioVersion = 10.0.40219.1
Project("{2150E333-8FDC-42A3-9474-1A3956D46DE8}") = "src", "src", "{827E0CD3-B72D-47B6-A68D-7590B98EB39B}"
EndProject
Project("{FAE04EC0-301F-11D3-BF4B-00C04F79EFBC}") = "Domain", "src\Domain\Domain.csproj", "{89C8839D-AEB1-4A91-AB1E-85BCB7658B19}"
EndProject
Project("{FAE04EC0-301F-11D3-BF4B-00C04F79EFBC}") = "Application", "src\Application\Application.csproj", "{356FB680-CF24-49B8-B839-EA864C2430F9}"
EndProject
Project("{FAE04EC0-301F-11D3-BF4B-00C04F79EFBC}") = "Infrastructure", "src\Infrastructure\Infrastructure.csproj", "{816E1516-8FAE-4821-A689-3E0916AB636A}"
EndProject
Project("{FAE04EC0-301F-11D3-BF4B-00C04F79EFBC}") = "Web", "src\Web\Web.csproj", "{A7AB5ABD-EF07-445E-95E6-2AF98D716A3B}"
EndProject
Project("{FAE04EC0-301F-11D3-BF4B-00C04F79EFBC}") = "Database Update", "src\Database Update\Database Update.csproj", "{A5626899-FFC5-4939-A8AA-AC5957270D26}"
EndProject
Project("{00D1A9C2-B5F0-4AF3-8072-F6C62B433612}") = "Database", "src\Database\Database.sqlproj", "{DEF293BC-C319-4EFA-BFC3-AF22B92A00E3}"
EndProject
Project("{2150E333-8FDC-42A3-9474-1A3956D46DE8}") = "tests", "tests", "{0AB3BF05-4346-4AA6-1389-037BE0695223}"
EndProject
Project("{FAE04EC0-301F-11D3-BF4B-00C04F79EFBC}") = "Domain.Tests", "tests\Domain.Tests\Domain.Tests.csproj", "{5139BD94-27DE-4DD6-A621-5FD4D9FA1CC9}"
EndProject
Project("{FAE04EC0-301F-11D3-BF4B-00C04F79EFBC}") = "Architecture.Tests", "tests\Architecture.Tests\Architecture.Tests.csproj", "{A53EEBB8-C455-43AF-8BE1-E6527180AD10}"
EndProject
Project("{FAE04EC0-301F-11D3-BF4B-00C04F79EFBC}") = "Integration.Tests", "tests\Integration.Tests\Integration.Tests.csproj", "{ABDD9F1F-DB40-40E5-8503-173E42EF0EBC}"
EndProject
Global
	GlobalSection(SolutionConfigurationPlatforms) = preSolution
		Debug|Any CPU = Debug|Any CPU
		Debug|x64 = Debug|x64
		Debug|x86 = Debug|x86
		Release|Any CPU = Release|Any CPU
		Release|x64 = Release|x64
		Release|x86 = Release|x86
	EndGlobalSection
	GlobalSection(ProjectConfigurationPlatforms) = postSolution
		{89C8839D-AEB1-4A91-AB1E-85BCB7658B19}.Debug|Any CPU.ActiveCfg = Debug|Any CPU
		{89C8839D-AEB1-4A91-AB1E-85BCB7658B19}.Debug|Any CPU.Build.0 = Debug|Any CPU
		{89C8839D-AEB1-4A91-AB1E-85BCB7658B19}.Debug|x64.ActiveCfg = Debug|Any CPU
		{89C8839D-AEB1-4A91-AB1E-85BCB7658B19}.Debug|x64.Build.0 = Debug|Any CPU
		{89C8839D-AEB1-4A91-AB1E-85BCB7658B19}.Debug|x86.ActiveCfg = Debug|Any CPU
		{89C8839D-AEB1-4A91-AB1E-85BCB7658B19}.Debug|x86.Build.0 = Debug|Any CPU
		{89C8839D-AEB1-4A91-AB1E-85BCB7658B19}.Release|Any CPU.ActiveCfg = Release|Any CPU
		{89C8839D-AEB1-4A91-AB1E-85BCB7658B19}.Release|Any CPU.Build.0 = Release|Any CPU
		{89C8839D-AEB1-4A91-AB1E-85BCB7658B19}.Release|x64.ActiveCfg = Release|Any CPU
		{89C8839D-AEB1-4A91-AB1E-85BCB7658B19}.Release|x64.Build.0 = Release|Any CPU
		{89C8839D-AEB1-4A91-AB1E-85BCB7658B19}.Release|x86.ActiveCfg = Release|Any CPU
		{89C8839D-AEB1-4A91-AB1E-85BCB7658B19}.Release|x86.Build.0 = Release|Any CPU
		{356FB680-CF24-49B8-B839-EA864C2430F9}.Debug|Any CPU.ActiveCfg = Debug|Any CPU
		{356FB680-CF24-49B8-B839-EA864C2430F9}.Debug|Any CPU.Build.0 = Debug|Any CPU
		{356FB680-CF24-49B8-B839-EA864C2430F9}.Debug|x64.ActiveCfg = Debug|Any CPU
		{356FB680-CF24-49B8-B839-EA864C2430F9}.Debug|x64.Build.0 = Debug|Any CPU
		{356FB680-CF24-49B8-B839-EA864C2430F9}.Debug|x86.ActiveCfg = Debug|Any CPU
		{356FB680-CF24-49B8-B839-EA864C2430F9}.Debug|x86.Build.0 = Debug|Any CPU
		{356FB680-CF24-49B8-B839-EA864C2430F9}.Release|Any CPU.ActiveCfg = Release|Any CPU
		{356FB680-CF24-49B8-B839-EA864C2430F9}.Release|Any CPU.Build.0 = Release|Any CPU
		{356FB680-CF24-49B8-B839-EA864C2430F9}.Release|x64.ActiveCfg = Release|Any CPU
		{356FB680-CF24-49B8-B839-EA864C2430F9}.Release|x64.Build.0 = Release|Any CPU
		{356FB680-CF24-49B8-B839-EA864C2430F9}.Release|x86.ActiveCfg = Release|Any CPU
		{356FB680-CF24-49B8-B839-EA864C2430F9}.Release|x86.Build.0 = Release|Any CPU
		{816E1516-8FAE-4821-A689-3E0916AB636A}.Debug|Any CPU.ActiveCfg = Debug|Any CPU
		{816E1516-8FAE-4821-A689-3E0916AB636A}.Debug|Any CPU.Build.0 = Debug|Any CPU
		{816E1516-8FAE-4821-A689-3E0916AB636A}.Debug|x64.ActiveCfg = Debug|Any CPU
		{816E1516-8FAE-4821-A689-3E0916AB636A}.Debug|x64.Build.0 = Debug|Any CPU
		{816E1516-8FAE-4821-A689-3E0916AB636A}.Debug|x86.ActiveCfg = Debug|Any CPU
		{816E1516-8FAE-4821-A689-3E0916AB636A}.Debug|x86.Build.0 = Debug|Any CPU
		{816E1516-8FAE-4821-A689-3E0916AB636A}.Release|Any CPU.ActiveCfg = Release|Any CPU
		{816E1516-8FAE-4821-A689-3E0916AB636A}.Release|Any CPU.Build.0 = Release|Any CPU
		{816E1516-8FAE-4821-A689-3E0916AB636A}.Release|x64.ActiveCfg = Release|Any CPU
		{816E1516-8FAE-4821-A689-3E0916AB636A}.Release|x64.Build.0 = Release|Any CPU
		{816E1516-8FAE-4821-A689-3E0916AB636A}.Release|x86.ActiveCfg = Release|Any CPU
		{816E1516-8FAE-4821-A689-3E0916AB636A}.Release|x86.Build.0 = Release|Any CPU
		{A7AB5ABD-EF07-445E-95E6-2AF98D716A3B}.Debug|Any CPU.ActiveCfg = Debug|Any CPU
		{A7AB5ABD-EF07-445E-95E6-2AF98D716A3B}.Debug|Any CPU.Build.0 = Debug|Any CPU
		{A7AB5ABD-EF07-445E-95E6-2AF98D716A3B}.Debug|x64.ActiveCfg = Debug|Any CPU
		{A7AB5ABD-EF07-445E-95E6-2AF98D716A3B}.Debug|x64.Build.0 = Debug|Any CPU
		{A7AB5ABD-EF07-445E-95E6-2AF98D716A3B}.Debug|x86.ActiveCfg = Debug|Any CPU
		{A7AB5ABD-EF07-445E-95E6-2AF98D716A3B}.Debug|x86.Build.0 = Debug|Any CPU
		{A7AB5ABD-EF07-445E-95E6-2AF98D716A3B}.Release|Any CPU.ActiveCfg = Release|Any CPU
		{A7AB5ABD-EF07-445E-95E6-2AF98D716A3B}.Release|Any CPU.Build.0 = Release|Any CPU
		{A7AB5ABD-EF07-445E-95E6-2AF98D716A3B}.Release|x64.ActiveCfg = Release|Any CPU
		{A7AB5ABD-EF07-445E-95E6-2AF98D716A3B}.Release|x64.Build.0 = Release|Any CPU
		{A7AB5ABD-EF07-445E-95E6-2AF98D716A3B}.Release|x86.ActiveCfg = Release|Any CPU
		{A7AB5ABD-EF07-445E-95E6-2AF98D716A3B}.Release|x86.Build.0 = Release|Any CPU
		{A5626899-FFC5-4939-A8AA-AC5957270D26}.Debug|Any CPU.ActiveCfg = Debug|Any CPU
		{A5626899-FFC5-4939-A8AA-AC5957270D26}.Debug|Any CPU.Build.0 = Debug|Any CPU
		{A5626899-FFC5-4939-A8AA-AC5957270D26}.Debug|x64.ActiveCfg = Debug|Any CPU
		{A5626899-FFC5-4939-A8AA-AC5957270D26}.Debug|x64.Build.0 = Debug|Any CPU
		{A5626899-FFC5-4939-A8AA-AC5957270D26}.Debug|x86.ActiveCfg = Debug|Any CPU
		{A5626899-FFC5-4939-A8AA-AC5957270D26}.Debug|x86.Build.0 = Debug|Any CPU
		{A5626899-FFC5-4939-A8AA-AC5957270D26}.Release|Any CPU.ActiveCfg = Release|Any CPU
		{A5626899-FFC5-4939-A8AA-AC5957270D26}.Release|Any CPU.Build.0 = Release|Any CPU
		{A5626899-FFC5-4939-A8AA-AC5957270D26}.Release|x64.ActiveCfg = Release|Any CPU
		{A5626899-FFC5-4939-A8AA-AC5957270D26}.Release|x64.Build.0 = Release|Any CPU
		{A5626899-FFC5-4939-A8AA-AC5957270D26}.Release|x86.ActiveCfg = Release|Any CPU
		{A5626899-FFC5-4939-A8AA-AC5957270D26}.Release|x86.Build.0 = Release|Any CPU
		{DEF293BC-C319-4EFA-BFC3-AF22B92A00E3}.Debug|Any CPU.ActiveCfg = Debug|Any CPU
		{DEF293BC-C319-4EFA-BFC3-AF22B92A00E3}.Debug|Any CPU.Build.0 = Debug|Any CPU
		{DEF293BC-C319-4EFA-BFC3-AF22B92A00E3}.Debug|x64.ActiveCfg = Debug|Any CPU
		{DEF293BC-C319-4EFA-BFC3-AF22B92A00E3}.Debug|x64.Build.0 = Debug|Any CPU
		{DEF293BC-C319-4EFA-BFC3-AF22B92A00E3}.Debug|x86.ActiveCfg = Debug|Any CPU
		{DEF293BC-C319-4EFA-BFC3-AF22B92A00E3}.Debug|x86.Build.0 = Debug|Any CPU
		{DEF293BC-C319-4EFA-BFC3-AF22B92A00E3}.Release|Any CPU.ActiveCfg = Release|Any CPU
		{DEF293BC-C319-4EFA-BFC3-AF22B92A00E3}.Release|Any CPU.Build.0 = Release|Any CPU
		{DEF293BC-C319-4EFA-BFC3-AF22B92A00E3}.Release|x64.ActiveCfg = Release|Any CPU
		{DEF293BC-C319-4EFA-BFC3-AF22B92A00E3}.Release|x64.Build.0 = Release|Any CPU
		{DEF293BC-C319-4EFA-BFC3-AF22B92A00E3}.Release|x86.ActiveCfg = Release|Any CPU
		{DEF293BC-C319-4EFA-BFC3-AF22B92A00E3}.Release|x86.Build.0 = Release|Any CPU
		{5139BD94-27DE-4DD6-A621-5FD4D9FA1CC9}.Debug|Any CPU.ActiveCfg = Debug|Any CPU
		{5139BD94-27DE-4DD6-A621-5FD4D9FA1CC9}.Debug|Any CPU.Build.0 = Debug|Any CPU
		{5139BD94-27DE-4DD6-A621-5FD4D9FA1CC9}.Debug|x64.ActiveCfg = Debug|Any CPU
		{5139BD94-27DE-4DD6-A621-5FD4D9FA1CC9}.Debug|x64.Build.0 = Debug|Any CPU
		{5139BD94-27DE-4DD6-A621-5FD4D9FA1CC9}.Debug|x86.ActiveCfg = Debug|Any CPU
		{5139BD94-27DE-4DD6-A621-5FD4D9FA1CC9}.Debug|x86.Build.0 = Debug|Any CPU
		{5139BD94-27DE-4DD6-A621-5FD4D9FA1CC9}.Release|Any CPU.ActiveCfg = Release|Any CPU
		{5139BD94-27DE-4DD6-A621-5FD4D9FA1CC9}.Release|Any CPU.Build.0 = Release|Any CPU
		{5139BD94-27DE-4DD6-A621-5FD4D9FA1CC9}.Release|x64.ActiveCfg = Release|Any CPU
		{5139BD94-27DE-4DD6-A621-5FD4D9FA1CC9}.Release|x64.Build.0 = Release|Any CPU
		{5139BD94-27DE-4DD6-A621-5FD4D9FA1CC9}.Release|x86.ActiveCfg = Release|Any CPU
		{5139BD94-27DE-4DD6-A621-5FD4D9FA1CC9}.Release|x86.Build.0 = Release|Any CPU
		{A53EEBB8-C455-43AF-8BE1-E6527180AD10}.Debug|Any CPU.ActiveCfg = Debug|Any CPU
		{A53EEBB8-C455-43AF-8BE1-E6527180AD10}.Debug|Any CPU.Build.0 = Debug|Any CPU
		{A53EEBB8-C455-43AF-8BE1-E6527180AD10}.Debug|x64.ActiveCfg = Debug|Any CPU
		{A53EEBB8-C455-43AF-8BE1-E6527180AD10}.Debug|x64.Build.0 = Debug|Any CPU
		{A53EEBB8-C455-43AF-8BE1-E6527180AD10}.Debug|x86.ActiveCfg = Debug|Any CPU
		{A53EEBB8-C455-43AF-8BE1-E6527180AD10}.Debug|x86.Build.0 = Debug|Any CPU
		{A53EEBB8-C455-43AF-8BE1-E6527180AD10}.Release|Any CPU.ActiveCfg = Release|Any CPU
		{A53EEBB8-C455-43AF-8BE1-E6527180AD10}.Release|Any CPU.Build.0 = Release|Any CPU
		{A53EEBB8-C455-43AF-8BE1-E6527180AD10}.Release|x64.ActiveCfg = Release|Any CPU
		{A53EEBB8-C455-43AF-8BE1-E6527180AD10}.Release|x64.Build.0 = Release|Any CPU
		{A53EEBB8-C455-43AF-8BE1-E6527180AD10}.Release|x86.ActiveCfg = Release|Any CPU
		{A53EEBB8-C455-43AF-8BE1-E6527180AD10}.Release|x86.Build.0 = Release|Any CPU
		{ABDD9F1F-DB40-40E5-8503-173E42EF0EBC}.Debug|Any CPU.ActiveCfg = Debug|Any CPU
		{ABDD9F1F-DB40-40E5-8503-173E42EF0EBC}.Debug|Any CPU.Build.0 = Debug|Any CPU
		{ABDD9F1F-DB40-40E5-8503-173E42EF0EBC}.Debug|x64.ActiveCfg = Debug|Any CPU
		{ABDD9F1F-DB40-40E5-8503-173E42EF0EBC}.Debug|x64.Build.0 = Debug|Any CPU
		{ABDD9F1F-DB40-40E5-8503-173E42EF0EBC}.Debug|x86.ActiveCfg = Debug|Any CPU
		{ABDD9F1F-DB40-40E5-8503-173E42EF0EBC}.Debug|x86.Build.0 = Debug|Any CPU
		{ABDD9F1F-DB40-40E5-8503-173E42EF0EBC}.Release|Any CPU.ActiveCfg = Release|Any CPU
		{ABDD9F1F-DB40-40E5-8503-173E42EF0EBC}.Release|Any CPU.Build.0 = Release|Any CPU
		{ABDD9F1F-DB40-40E5-8503-173E42EF0EBC}.Release|x64.ActiveCfg = Release|Any CPU
		{ABDD9F1F-DB40-40E5-8503-173E42EF0EBC}.Release|x64.Build.0 = Release|Any CPU
		{ABDD9F1F-DB40-40E5-8503-173E42EF0EBC}.Release|x86.ActiveCfg = Release|Any CPU
		{ABDD9F1F-DB40-40E5-8503-173E42EF0EBC}.Release|x86.Build.0 = Release|Any CPU
	EndGlobalSection
	GlobalSection(SolutionProperties) = preSolution
		HideSolutionNode = FALSE
	EndGlobalSection
	GlobalSection(NestedProjects) = preSolution
		{89C8839D-AEB1-4A91-AB1E-85BCB7658B19} = {827E0CD3-B72D-47B6-A68D-7590B98EB39B}
		{356FB680-CF24-49B8-B839-EA864C2430F9} = {827E0CD3-B72D-47B6-A68D-7590B98EB39B}
		{816E1516-8FAE-4821-A689-3E0916AB636A} = {827E0CD3-B72D-47B6-A68D-7590B98EB39B}
		{A7AB5ABD-EF07-445E-95E6-2AF98D716A3B} = {827E0CD3-B72D-47B6-A68D-7590B98EB39B}
		{A5626899-FFC5-4939-A8AA-AC5957270D26} = {827E0CD3-B72D-47B6-A68D-7590B98EB39B}
		{DEF293BC-C319-4EFA-BFC3-AF22B92A00E3} = {827E0CD3-B72D-47B6-A68D-7590B98EB39B}
		{5139BD94-27DE-4DD6-A621-5FD4D9FA1CC9} = {0AB3BF05-4346-4AA6-1389-037BE0695223}
		{A53EEBB8-C455-43AF-8BE1-E6527180AD10} = {0AB3BF05-4346-4AA6-1389-037BE0695223}
		{ABDD9F1F-DB40-40E5-8503-173E42EF0EBC} = {0AB3BF05-4346-4AA6-1389-037BE0695223}
	EndGlobalSection
	GlobalSection(ExtensibilityGlobals) = postSolution
		SolutionGuid = {A4F96BDE-2645-4404-B3E5-B23E9F4E459C}
	EndGlobalSection
EndGlobal
